
Microsoft Visual Studio Solution File, Format Version 12.00
# Visual Studio Version 17
VisualStudioVersion = 17.11.35312.102
MinimumVisualStudioVersion = 10.0.40219.1
Project("{9A19103F-16F7-4668-BE54-9A1E7A4F7556}") = "gsbMonolith", "gsbMonolith.csproj", "{776036F6-252A-47B2-9C54-67E67A03EF3D}"
EndProject
Project("{2150E333-8FDC-42A3-9474-1A3956D46DE8}") = "Éléments de solution", "Éléments de solution", "{7D677995-1DAB-4603-9B8D-9F038B7AC96B}"
	ProjectSection(SolutionItems) = preProject
		docker-compose.yml = docker-compose.yml
		README.md = README.md
	EndProjectSection
EndProject
Global
	GlobalSection(SolutionConfigurationPlatforms) = preSolution
		Debug|Any CPU = Debug|Any CPU
		Release|Any CPU = Release|Any CPU
	EndGlobalSection
	GlobalSection(ProjectConfigurationPlatforms) = postSolution
		{776036F6-252A-47B2-9C54-67E67A03EF3D}.Debug|Any CPU.ActiveCfg = Debug|Any CPU
		{776036F6-252A-47B2-9C54-67E67A03EF3D}.Debug|Any CPU.Build.0 = Debug|Any CPU
		{776036F6-252A-47B2-9C54-67E67A03EF3D}.Release|Any CPU.ActiveCfg = Release|Any CPU
		{776036F6-252A-47B2-9C54-67E67A03EF3D}.Release|Any CPU.Build.0 = Release|Any CPU
	EndGlobalSection
	GlobalSection(SolutionProperties) = preSolution
		HideSolutionNode = FALSE
	EndGlobalSection
	GlobalSection(ExtensibilityGlobals) = postSolution
		SolutionGuid = {B095B490-E66C-4926-B27A-1E6EDAD79F51}
	EndGlobalSection
EndGlobal
